
Microsoft Visual Studio Solution File, Format Version 12.00
# Visual Studio Version 16
VisualStudioVersion = 16.0.33801.447
MinimumVisualStudioVersion = 10.0.40219.1
Project("{FAE04EC0-301F-11D3-BF4B-00C04F79EFBC}") = "yuanXingModle", "yuanXingModle\yuanXingModle.csproj", "{5872A7C0-D3CF-43CD-A15A-F025F0FC50CC}"
EndProject
Global
	GlobalSection(SolutionConfigurationPlatforms) = preSolution
		Debug|Any CPU = Debug|Any CPU
		Release|Any CPU = Release|Any CPU
	EndGlobalSection
	GlobalSection(ProjectConfigurationPlatforms) = postSolution
		{5872A7C0-D3CF-43CD-A15A-F025F0FC50CC}.Debug|Any CPU.ActiveCfg = Debug|Any CPU
		{5872A7C0-D3CF-43CD-A15A-F025F0FC50CC}.Debug|Any CPU.Build.0 = Debug|Any CPU
		{5872A7C0-D3CF-43CD-A15A-F025F0FC50CC}.Release|Any CPU.ActiveCfg = Release|Any CPU
		{5872A7C0-D3CF-43CD-A15A-F025F0FC50CC}.Release|Any CPU.Build.0 = Release|Any CPU
	EndGlobalSection
	GlobalSection(SolutionProperties) = preSolution
		HideSolutionNode = FALSE
	EndGlobalSection
	GlobalSection(ExtensibilityGlobals) = postSolution
		SolutionGuid = {373A9D27-A0B1-4075-8674-B840CC1CACBA}
	EndGlobalSection
EndGlobal
